
Microsoft Visual Studio Solution File, Format Version 12.00
# Visual Studio Version 16
VisualStudioVersion = 16.0.31624.102
MinimumVisualStudioVersion = 10.0.40219.1
Project("{FAE04EC0-301F-11D3-BF4B-00C04F79EFBC}") = "P1-AP1-Nachely-20190734", "P1-AP1-Nachely-20190734.csproj", "{B96585A5-F3E3-4598-BF1B-591BFD9A7664}"
EndProject
Global
	GlobalSection(SolutionConfigurationPlatforms) = preSolution
		Debug|Any CPU = Debug|Any CPU
		Release|Any CPU = Release|Any CPU
	EndGlobalSection
	GlobalSection(ProjectConfigurationPlatforms) = postSolution
		{B96585A5-F3E3-4598-BF1B-591BFD9A7664}.Debug|Any CPU.ActiveCfg = Debug|Any CPU
		{B96585A5-F3E3-4598-BF1B-591BFD9A7664}.Debug|Any CPU.Build.0 = Debug|Any CPU
		{B96585A5-F3E3-4598-BF1B-591BFD9A7664}.Release|Any CPU.ActiveCfg = Release|Any CPU
		{B96585A5-F3E3-4598-BF1B-591BFD9A7664}.Release|Any CPU.Build.0 = Release|Any CPU
	EndGlobalSection
	GlobalSection(SolutionProperties) = preSolution
		HideSolutionNode = FALSE
	EndGlobalSection
	GlobalSection(ExtensibilityGlobals) = postSolution
		SolutionGuid = {95362CCE-2D87-48FA-9300-B6E626175BC0}
	EndGlobalSection
EndGlobal
